{
    "_readme": [
        "This file locks the dependencies of your project to a known state",
        "Read more about it at https://getcomposer.org/doc/01-basic-usage.md#installing-dependencies",
        "This file is @generated automatically"
    ],
    "content-hash": "48b930c7dc2f58103789ca20277124e6",
    "packages": [
        {
            "name": "boxtale/php-library",
            "version": "dev-master",
            "source": {
                "type": "git",
                "url": "https://github.com/boxtal/php-library.git",
                "reference": "2caf64398e177454f4166ed322c471d46a98b330"
            },
            "dist": {
                "type": "zip",
                "url": "https://api.github.com/repos/boxtal/php-library/zipball/2caf64398e177454f4166ed322c471d46a98b330",
                "reference": "2caf64398e177454f4166ed322c471d46a98b330",
                "shasum": ""
            },
            "require": {
                "php": ">=5.3.0"
            },
            "default-branch": true,
            "type": "library",
            "autoload": {
                "files": [
                    "config/autoload.php"
                ]
            },
            "notification-url": "https://packagist.org/downloads/",
            "license": [
                "Unlicense"
            ],
            "authors": [
                {
                    "name": "Boxtal Support",
                    "email": "api@boxtal.com"
                }
            ],
            "description": "Boxtal PHP Library for Boxtal v1 API",
            "homepage": "https://github.com/boxtal/php-library",
            "keywords": [
                "api",
                "boxtal",
                "class",
                "emc",
                "envoimoinscher",
                "library",
                "php"
            ],
            "support": {
                "issues": "https://github.com/boxtal/php-library/issues",
                "source": "https://github.com/boxtal/php-library/tree/master"
            },
            "time": "2023-09-20T09:32:06+00:00"
        }
    ],
    "packages-dev": [],
    "aliases": [],
    "minimum-stability": "dev",
    "stability-flags": [],
    "prefer-stable": false,
    "prefer-lowest": false,
    "platform": [],
    "platform-dev": [],
    "plugin-api-version": "2.6.0"
}
